
Microsoft Visual Studio Solution File, Format Version 12.00
# Visual Studio 2013
VisualStudioVersion = 12.0.40629.0
MinimumVisualStudioVersion = 10.0.40219.1
Project("{8BC9CEB8-8B4A-11D0-8D11-00A0C91BC942}") = "SintezPPDefK", "SintezPPDefK\SintezPPDefK.vcxproj", "{C4E3655B-F856-408B-9780-96DCA92D0059}"
	ProjectSection(ProjectDependencies) = postProject
		{57148835-C16B-4085-994E-3443132160A9} = {57148835-C16B-4085-994E-3443132160A9}
	EndProjectSection
EndProject
Project("{8BC9CEB8-8B4A-11D0-8D11-00A0C91BC942}") = "SintezPPLibary", "SintezPPLibary\SintezPPLibary.vcxproj", "{57148835-C16B-4085-994E-3443132160A9}"
EndProject
Project("{8BC9CEB8-8B4A-11D0-8D11-00A0C91BC942}") = "SintezPPAppManager", "Tests\Tests.vcxproj", "{70106352-CB3B-440E-9936-746D380F2ECA}"
EndProject
Project("{8BC9CEB8-8B4A-11D0-8D11-00A0C91BC942}") = "SintezPPGenerate", "SintezPPGenerate\SintezPPGenerate.vcxproj", "{4DCFD91D-2DA9-4B9C-80FE-2F3E435B1745}"
EndProject
Project("{8BC9CEB8-8B4A-11D0-8D11-00A0C91BC942}") = "SintezPPSchemeBuild", "SintezPPSchemeBuild\SintezPPSchemeBuild.vcxproj", "{70DC341B-5723-4FFA-B5A5-CD87534CB096}"
EndProject
Project("{8BC9CEB8-8B4A-11D0-8D11-00A0C91BC942}") = "SintezPPKinCharacteristics", "SintezPPKinCharacteristics\SintezPPKinCharacteristics.vcxproj", "{FF5FE3B3-E57B-4601-B143-5932B5772CEE}"
EndProject
Project("{8BC9CEB8-8B4A-11D0-8D11-00A0C91BC942}") = "NewDefMnTest", "NewDefMnTest\NewDefMnTest.vcxproj", "{1E8E7CE4-59FC-4D62-AA85-461CC6ECA14B}"
EndProject
Global
	GlobalSection(SolutionConfigurationPlatforms) = preSolution
		Debug|Win32 = Debug|Win32
		Release|Win32 = Release|Win32
	EndGlobalSection
	GlobalSection(ProjectConfigurationPlatforms) = postSolution
		{C4E3655B-F856-408B-9780-96DCA92D0059}.Debug|Win32.ActiveCfg = Debug|Win32
		{C4E3655B-F856-408B-9780-96DCA92D0059}.Debug|Win32.Build.0 = Debug|Win32
		{C4E3655B-F856-408B-9780-96DCA92D0059}.Release|Win32.ActiveCfg = Release|Win32
		{C4E3655B-F856-408B-9780-96DCA92D0059}.Release|Win32.Build.0 = Release|Win32
		{57148835-C16B-4085-994E-3443132160A9}.Debug|Win32.ActiveCfg = Debug|Win32
		{57148835-C16B-4085-994E-3443132160A9}.Debug|Win32.Build.0 = Debug|Win32
		{57148835-C16B-4085-994E-3443132160A9}.Release|Win32.ActiveCfg = Release|Win32
		{57148835-C16B-4085-994E-3443132160A9}.Release|Win32.Build.0 = Release|Win32
		{70106352-CB3B-440E-9936-746D380F2ECA}.Debug|Win32.ActiveCfg = Debug|Win32
		{70106352-CB3B-440E-9936-746D380F2ECA}.Debug|Win32.Build.0 = Debug|Win32
		{70106352-CB3B-440E-9936-746D380F2ECA}.Release|Win32.ActiveCfg = Release|Win32
		{70106352-CB3B-440E-9936-746D380F2ECA}.Release|Win32.Build.0 = Release|Win32
		{4DCFD91D-2DA9-4B9C-80FE-2F3E435B1745}.Debug|Win32.ActiveCfg = Debug|Win32
		{4DCFD91D-2DA9-4B9C-80FE-2F3E435B1745}.Debug|Win32.Build.0 = Debug|Win32
		{4DCFD91D-2DA9-4B9C-80FE-2F3E435B1745}.Release|Win32.ActiveCfg = Release|Win32
		{4DCFD91D-2DA9-4B9C-80FE-2F3E435B1745}.Release|Win32.Build.0 = Release|Win32
		{70DC341B-5723-4FFA-B5A5-CD87534CB096}.Debug|Win32.ActiveCfg = Debug|Win32
		{70DC341B-5723-4FFA-B5A5-CD87534CB096}.Debug|Win32.Build.0 = Debug|Win32
		{70DC341B-5723-4FFA-B5A5-CD87534CB096}.Release|Win32.ActiveCfg = Release|Win32
		{70DC341B-5723-4FFA-B5A5-CD87534CB096}.Release|Win32.Build.0 = Release|Win32
		{FF5FE3B3-E57B-4601-B143-5932B5772CEE}.Debug|Win32.ActiveCfg = Debug|Win32
		{FF5FE3B3-E57B-4601-B143-5932B5772CEE}.Debug|Win32.Build.0 = Debug|Win32
		{FF5FE3B3-E57B-4601-B143-5932B5772CEE}.Release|Win32.ActiveCfg = Release|Win32
		{FF5FE3B3-E57B-4601-B143-5932B5772CEE}.Release|Win32.Build.0 = Release|Win32
		{1E8E7CE4-59FC-4D62-AA85-461CC6ECA14B}.Debug|Win32.ActiveCfg = Debug|Win32
		{1E8E7CE4-59FC-4D62-AA85-461CC6ECA14B}.Debug|Win32.Build.0 = Debug|Win32
		{1E8E7CE4-59FC-4D62-AA85-461CC6ECA14B}.Release|Win32.ActiveCfg = Release|Win32
		{1E8E7CE4-59FC-4D62-AA85-461CC6ECA14B}.Release|Win32.Build.0 = Release|Win32
	EndGlobalSection
	GlobalSection(SolutionProperties) = preSolution
		HideSolutionNode = FALSE
	EndGlobalSection
EndGlobal
