<?xml version="1.0" encoding="utf-8"?>
<Project ToolsVersion="4.0" xmlns="http://schemas.microsoft.com/developer/msbuild/2003">
  <ItemGroup>
    <ClCompile Include="main.cpp" />
    <ClCompile Include="TKinematicScheme.cpp">
      <Filter>Files</Filter>
    </ClCompile>
    <ClCompile Include="TMake.cpp" />
    <ClCompile Include="TPlanetaryGearSet.cpp">
      <Filter>Files\Old\TPlanetaryGearSet</Filter>
    </ClCompile>
    <ClCompile Include="TWave.cpp">
      <Filter>Files\Old\TWaveAlgorithm</Filter>
    </ClCompile>
  </ItemGroup>
  <ItemGroup>
    <Filter Include="Files">
      <UniqueIdentifier>{0154df23-1585-446d-a52b-0a6a93b7a494}</UniqueIdentifier>
    </Filter>
    <Filter Include="Files\Old">
      <UniqueIdentifier>{bf763ecf-ca98-4601-9bb2-b3e8e9eafff9}</UniqueIdentifier>
    </Filter>
    <Filter Include="Files\Old\TPlanetaryGearSet">
      <UniqueIdentifier>{815a7d91-c793-4236-a891-688dd6e687b7}</UniqueIdentifier>
    </Filter>
    <Filter Include="Files\Old\TWaveAlgorithm">
      <UniqueIdentifier>{663c26ef-78f8-4459-9b64-bffd7f3f0768}</UniqueIdentifier>
    </Filter>
  </ItemGroup>
  <ItemGroup>
    <ClInclude Include="TKinematicScheme.h">
      <Filter>Files</Filter>
    </ClInclude>
    <ClInclude Include="TMake.h">
      <Filter>Files\Old</Filter>
    </ClInclude>
    <ClInclude Include="TPKP.h">
      <Filter>Files\Old</Filter>
    </ClInclude>
    <ClInclude Include="TPlanetaryGearSet.h">
      <Filter>Files\Old\TPlanetaryGearSet</Filter>
    </ClInclude>
    <ClInclude Include="TWave.h">
      <Filter>Files\Old\TWaveAlgorithm</Filter>
    </ClInclude>
  </ItemGroup>
</Project>