<?xml version="1.0" encoding="utf-8"?>
<Project ToolsVersion="4.0" xmlns="http://schemas.microsoft.com/developer/msbuild/2003">
  <ItemGroup>
    <Filter Include="StaticLib">
      <UniqueIdentifier>{be2da492-695b-49ab-8019-f8b1708c7d8b}</UniqueIdentifier>
    </Filter>
    <Filter Include="StaticLib\enums">
      <UniqueIdentifier>{b2b97300-7740-4e73-96bc-097ec4662809}</UniqueIdentifier>
    </Filter>
    <Filter Include="StaticLib\TSingletons">
      <UniqueIdentifier>{b64a084c-a3a0-4c2f-9304-dc32e54a8036}</UniqueIdentifier>
    </Filter>
    <Filter Include="StaticLib\TI">
      <UniqueIdentifier>{1d17c906-3e54-4b2b-886d-a1a86a404de3}</UniqueIdentifier>
    </Filter>
    <Filter Include="StaticLib\defines">
      <UniqueIdentifier>{d937ad96-2524-45b6-92d9-e1e2c551d04f}</UniqueIdentifier>
    </Filter>
    <Filter Include="StaticLib\helpers">
      <UniqueIdentifier>{e5eb4133-3693-4018-b8a1-00a2f75fac44}</UniqueIdentifier>
    </Filter>
    <Filter Include="StaticLib\helpers\TIOFileManager">
      <UniqueIdentifier>{98ad5466-6d09-4d2a-ab74-c1281cc1882c}</UniqueIdentifier>
    </Filter>
    <Filter Include="StaticLib\helpers\TLog">
      <UniqueIdentifier>{3a6b69e0-0fe9-4232-afc9-249c0806feb0}</UniqueIdentifier>
    </Filter>
    <Filter Include="StaticLib\helpers\TGaus">
      <UniqueIdentifier>{e6ac5374-a957-4108-9b9d-8c5a66d64543}</UniqueIdentifier>
    </Filter>
    <Filter Include="StaticLib\types">
      <UniqueIdentifier>{bb96795d-4360-4805-87d5-2a0d14fcb55b}</UniqueIdentifier>
    </Filter>
    <Filter Include="StaticLib\types\TRange">
      <UniqueIdentifier>{af7269da-8292-434d-9901-7fca7f67c125}</UniqueIdentifier>
    </Filter>
    <Filter Include="StaticLib\TGearBox">
      <UniqueIdentifier>{d40f7cf8-4111-4d3c-9e34-6b1460331784}</UniqueIdentifier>
    </Filter>
    <Filter Include="StaticLib\TGearBox\TChain">
      <UniqueIdentifier>{691b7ca8-b2a6-414c-a568-5e46bc234f32}</UniqueIdentifier>
    </Filter>
    <Filter Include="StaticLib\TGearBox\TCode">
      <UniqueIdentifier>{40847248-2770-494c-9321-5321e9a913d5}</UniqueIdentifier>
    </Filter>
    <Filter Include="StaticLib\TK">
      <UniqueIdentifier>{2e09055c-341d-466e-8cc4-da514c27ae6b}</UniqueIdentifier>
    </Filter>
    <Filter Include="StaticLib\TGearBox\TElement">
      <UniqueIdentifier>{ea3b06c5-0de4-4693-80e8-c96d67a21bfb}</UniqueIdentifier>
    </Filter>
    <Filter Include="StaticLib\TGearBox\TLink">
      <UniqueIdentifier>{8ff98a8e-9e57-45ca-a52b-e7c3d98ba97b}</UniqueIdentifier>
    </Filter>
    <Filter Include="StaticLib\TGearBox\TGearChanger">
      <UniqueIdentifier>{223573cb-81db-4d57-88a3-c4b626aedc60}</UniqueIdentifier>
    </Filter>
    <Filter Include="StaticLib\helpers\TLoaderFromFile">
      <UniqueIdentifier>{0e513cb3-4563-46bc-9295-73420db2c631}</UniqueIdentifier>
    </Filter>
    <Filter Include="StaticLib\TSingletons\TCombinatorics">
      <UniqueIdentifier>{7607c417-4a10-47a2-b56e-b81c2e1187f3}</UniqueIdentifier>
    </Filter>
    <Filter Include="StaticLib\TSchemeCharacteristics">
      <UniqueIdentifier>{453dc2ef-360d-4d8b-9e31-248e57c6ec36}</UniqueIdentifier>
    </Filter>
    <Filter Include="StaticLib\TSchemeCharacteristics\KinematicSchemeData">
      <UniqueIdentifier>{292c37b2-a437-4516-8c5b-3a5789b9960c}</UniqueIdentifier>
    </Filter>
    <Filter Include="StaticLib\ApplicationBase">
      <UniqueIdentifier>{7b534499-f692-4e07-9147-c81797d09da3}</UniqueIdentifier>
    </Filter>
    <Filter Include="StaticLib\TParser">
      <UniqueIdentifier>{d3e53746-e3a1-4018-aa20-d5f04f086845}</UniqueIdentifier>
    </Filter>
    <Filter Include="StaticLib\TSingletons\TSettings">
      <UniqueIdentifier>{988de9f7-1b2e-40d7-b385-62e9ab36a54c}</UniqueIdentifier>
    </Filter>
    <Filter Include="StaticLib\IIOItem">
      <UniqueIdentifier>{6f93237f-bd21-4863-8623-7f863a8f7a45}</UniqueIdentifier>
    </Filter>
    <Filter Include="StaticLib\TSettingsItem">
      <UniqueIdentifier>{1c0d32d7-996b-4516-80c9-f6f827bf28f9}</UniqueIdentifier>
    </Filter>
    <Filter Include="StaticLib\TChainsContainer">
      <UniqueIdentifier>{10ceea58-d367-411b-8d13-7615e41967f6}</UniqueIdentifier>
    </Filter>
  </ItemGroup>
  <ItemGroup>
    <ClCompile Include="..\Libraries\func_lib.cpp">
      <Filter>StaticLib</Filter>
    </ClCompile>
    <ClCompile Include="..\Libraries\ApplicationBase.cpp">
      <Filter>StaticLib\ApplicationBase</Filter>
    </ClCompile>
    <ClCompile Include="..\Libraries\GearBox.cpp">
      <Filter>StaticLib\TGearBox</Filter>
    </ClCompile>
    <ClCompile Include="..\Libraries\Gaus.cpp">
      <Filter>StaticLib\helpers\TGaus</Filter>
    </ClCompile>
    <ClCompile Include="..\Libraries\IOFileManager.cpp">
      <Filter>StaticLib\helpers\TIOFileManager</Filter>
    </ClCompile>
    <ClCompile Include="..\Libraries\LoaderFromFile.cpp">
      <Filter>StaticLib\helpers\TLoaderFromFile</Filter>
    </ClCompile>
    <ClCompile Include="..\Libraries\Log.cpp">
      <Filter>StaticLib\helpers\TLog</Filter>
    </ClCompile>
    <ClCompile Include="..\Libraries\ChainsContainer.cpp">
      <Filter>StaticLib\TChainsContainer</Filter>
    </ClCompile>
    <ClCompile Include="..\Libraries\Chain.cpp">
      <Filter>StaticLib\TGearBox\TChain</Filter>
    </ClCompile>
    <ClCompile Include="..\Libraries\Code.cpp">
      <Filter>StaticLib\TGearBox\TCode</Filter>
    </ClCompile>
    <ClCompile Include="..\Libraries\Element.cpp">
      <Filter>StaticLib\TGearBox\TElement</Filter>
    </ClCompile>
    <ClCompile Include="..\Libraries\GearChanger.cpp">
      <Filter>StaticLib\TGearBox\TGearChanger</Filter>
    </ClCompile>
    <ClCompile Include="..\Libraries\Link.cpp">
      <Filter>StaticLib\TGearBox\TLink</Filter>
    </ClCompile>
    <ClCompile Include="..\Libraries\Ratios.cpp">
      <Filter>StaticLib\TI</Filter>
    </ClCompile>
    <ClCompile Include="..\Libraries\Parser.cpp">
      <Filter>StaticLib\TParser</Filter>
    </ClCompile>
    <ClCompile Include="..\Libraries\SchemeCharacteristics.cpp">
      <Filter>StaticLib\TSchemeCharacteristics</Filter>
    </ClCompile>
    <ClCompile Include="..\Libraries\SettingsItem.cpp">
      <Filter>StaticLib\TSettingsItem</Filter>
    </ClCompile>
    <ClCompile Include="..\Libraries\Combinatorics.cpp">
      <Filter>StaticLib\TSingletons\TCombinatorics</Filter>
    </ClCompile>
    <ClCompile Include="..\Libraries\Settings.cpp">
      <Filter>StaticLib\TSingletons\TSettings</Filter>
    </ClCompile>
    <ClCompile Include="..\Libraries\Singletons.cpp">
      <Filter>StaticLib\TSingletons</Filter>
    </ClCompile>
    <ClCompile Include="..\Libraries\InternalGearRatioArray.h">
      <Filter>StaticLib\types</Filter>
    </ClCompile>
    <ClCompile Include="..\Libraries\InternalGearRatios.cpp">
      <Filter>StaticLib\TK</Filter>
    </ClCompile>
    <ClCompile Include="..\Libraries\Range.cpp">
      <Filter>StaticLib\types\TRange</Filter>
    </ClCompile>
  </ItemGroup>
  <ItemGroup>
    <ClInclude Include="..\Libraries\func_lib.h">
      <Filter>StaticLib</Filter>
    </ClInclude>
    <ClInclude Include="..\Libraries\eMainElement.h">
      <Filter>StaticLib\enums</Filter>
    </ClInclude>
    <ClInclude Include="..\Libraries\GlobalDefines.h">
      <Filter>StaticLib\defines</Filter>
    </ClInclude>
    <ClInclude Include="..\Libraries\UserDefinedTypesMacros.h" />
    <ClInclude Include="..\Libraries\KinematicSchemeData.h">
      <Filter>StaticLib\TSchemeCharacteristics\KinematicSchemeData</Filter>
    </ClInclude>
    <ClInclude Include="..\Libraries\ApplicationBase.h">
      <Filter>StaticLib\ApplicationBase</Filter>
    </ClInclude>
    <ClInclude Include="..\Libraries\IIOItem.h">
      <Filter>StaticLib\IIOItem</Filter>
    </ClInclude>
    <ClInclude Include="..\Libraries\eMainElementArray.h">
      <Filter>StaticLib\types</Filter>
    </ClInclude>
    <ClInclude Include="..\Libraries\GearBox.h">
      <Filter>StaticLib\TGearBox</Filter>
    </ClInclude>
    <ClInclude Include="..\Libraries\Gaus.h">
      <Filter>StaticLib\helpers\TGaus</Filter>
    </ClInclude>
    <ClInclude Include="..\Libraries\IOFileManager.h">
      <Filter>StaticLib\helpers\TIOFileManager</Filter>
    </ClInclude>
    <ClInclude Include="..\Libraries\LoaderFromFile.h">
      <Filter>StaticLib\helpers\TLoaderFromFile</Filter>
    </ClInclude>
    <ClInclude Include="..\Libraries\Log.h">
      <Filter>StaticLib\helpers\TLog</Filter>
    </ClInclude>
    <ClInclude Include="..\Libraries\ChainsContainer.h">
      <Filter>StaticLib\TChainsContainer</Filter>
    </ClInclude>
    <ClInclude Include="..\Libraries\Chain.h">
      <Filter>StaticLib\TGearBox\TChain</Filter>
    </ClInclude>
    <ClInclude Include="..\Libraries\Code.h">
      <Filter>StaticLib\TGearBox\TCode</Filter>
    </ClInclude>
    <ClInclude Include="..\Libraries\Element.h">
      <Filter>StaticLib\TGearBox\TElement</Filter>
    </ClInclude>
    <ClInclude Include="..\Libraries\GearChanger.h">
      <Filter>StaticLib\TGearBox\TGearChanger</Filter>
    </ClInclude>
    <ClInclude Include="..\Libraries\Link.h">
      <Filter>StaticLib\TGearBox\TLink</Filter>
    </ClInclude>
    <ClInclude Include="..\Libraries\Ratios.h">
      <Filter>StaticLib\TI</Filter>
    </ClInclude>
    <ClInclude Include="..\Libraries\Parser.h">
      <Filter>StaticLib\TParser</Filter>
    </ClInclude>
    <ClInclude Include="..\Libraries\Parser_fwd.h">
      <Filter>StaticLib\TParser</Filter>
    </ClInclude>
    <ClInclude Include="..\Libraries\SchemeCharacteristics.h">
      <Filter>StaticLib\TSchemeCharacteristics</Filter>
    </ClInclude>
    <ClInclude Include="..\Libraries\SettingsItem.h">
      <Filter>StaticLib\TSettingsItem</Filter>
    </ClInclude>
    <ClInclude Include="..\Libraries\Combinatorics.h">
      <Filter>StaticLib\TSingletons\TCombinatorics</Filter>
    </ClInclude>
    <ClInclude Include="..\Libraries\Settings.h">
      <Filter>StaticLib\TSingletons\TSettings</Filter>
    </ClInclude>
    <ClInclude Include="..\Libraries\Singletons.h">
      <Filter>StaticLib\TSingletons</Filter>
    </ClInclude>
    <ClInclude Include="..\Libraries\ChainArray.h">
      <Filter>StaticLib\types</Filter>
    </ClInclude>
    <ClInclude Include="..\Libraries\CombinatoricsValueArray.h">
      <Filter>StaticLib\types</Filter>
    </ClInclude>
    <ClInclude Include="..\Libraries\ElementArray.h">
      <Filter>StaticLib\types</Filter>
    </ClInclude>
    <ClInclude Include="..\Libraries\GearNumber.h">
      <Filter>StaticLib\types</Filter>
    </ClInclude>
    <ClInclude Include="..\Libraries\GearSetNumber.h">
      <Filter>StaticLib\types</Filter>
    </ClInclude>
    <ClInclude Include="..\Libraries\RatiosArray.h">
      <Filter>StaticLib\types</Filter>
    </ClInclude>
    <ClInclude Include="..\Libraries\RatioValue.h">
      <Filter>StaticLib\types</Filter>
    </ClInclude>
    <ClInclude Include="..\Libraries\RatioValueArray.h">
      <Filter>StaticLib\types</Filter>
    </ClInclude>
    <ClInclude Include="..\Libraries\InternalGearRatios.h">
      <Filter>StaticLib\TK</Filter>
    </ClInclude>
    <ClInclude Include="..\Libraries\InternalGearRatioValue.h">
      <Filter>StaticLib\types</Filter>
    </ClInclude>
    <ClInclude Include="..\Libraries\InternalGearRatioValueArray.h">
      <Filter>StaticLib\types</Filter>
    </ClInclude>
    <ClInclude Include="..\Libraries\RangeArray.h">
      <Filter>StaticLib\types</Filter>
    </ClInclude>
    <ClInclude Include="..\Libraries\Range.h">
      <Filter>StaticLib\types\TRange</Filter>
    </ClInclude>
  </ItemGroup>
  <ItemGroup>
    <None Include="..\Libraries\func_lib.inl">
      <Filter>StaticLib</Filter>
    </None>
  </ItemGroup>
</Project>