<?xml version="1.0" encoding="utf-8"?>
<Project ToolsVersion="4.0" xmlns="http://schemas.microsoft.com/developer/msbuild/2003">
  <ItemGroup>
    <Filter Include="StaticLib">
      <UniqueIdentifier>{be2da492-695b-49ab-8019-f8b1708c7d8b}</UniqueIdentifier>
    </Filter>
  </ItemGroup>
  <ItemGroup>
    <ClCompile Include="..\Libraries\func_lib.cpp">
      <Filter>StaticLib</Filter>
    </ClCompile>
    <ClCompile Include="..\Libraries\TChain.cpp">
      <Filter>StaticLib</Filter>
    </ClCompile>
    <ClCompile Include="..\Libraries\TCode.cpp">
      <Filter>StaticLib</Filter>
    </ClCompile>
    <ClCompile Include="..\Libraries\TCodeContainer.cpp">
      <Filter>StaticLib</Filter>
    </ClCompile>
    <ClCompile Include="..\Libraries\TElement.cpp">
      <Filter>StaticLib</Filter>
    </ClCompile>
    <ClCompile Include="..\Libraries\TGaus.cpp">
      <Filter>StaticLib</Filter>
    </ClCompile>
    <ClCompile Include="..\Libraries\TGearChanger.cpp">
      <Filter>StaticLib</Filter>
    </ClCompile>
    <ClCompile Include="..\Libraries\TI.cpp">
      <Filter>StaticLib</Filter>
    </ClCompile>
    <ClCompile Include="..\Libraries\TIOFileManager.cpp">
      <Filter>StaticLib</Filter>
    </ClCompile>
    <ClCompile Include="..\Libraries\TK.cpp">
      <Filter>StaticLib</Filter>
    </ClCompile>
    <ClCompile Include="..\Libraries\TLink.cpp">
      <Filter>StaticLib</Filter>
    </ClCompile>
    <ClCompile Include="..\Libraries\TMainElement.cpp">
      <Filter>StaticLib</Filter>
    </ClCompile>
    <ClCompile Include="..\Libraries\TReplace.cpp">
      <Filter>StaticLib</Filter>
    </ClCompile>
    <ClCompile Include="..\Libraries\TSingletons.cpp">
      <Filter>StaticLib</Filter>
    </ClCompile>
  </ItemGroup>
  <ItemGroup>
    <ClInclude Include="..\Libraries\func_lib.h">
      <Filter>StaticLib</Filter>
    </ClInclude>
    <ClInclude Include="..\Libraries\IContainer.h">
      <Filter>StaticLib</Filter>
    </ClInclude>
    <ClInclude Include="..\Libraries\TChain.h">
      <Filter>StaticLib</Filter>
    </ClInclude>
    <ClInclude Include="..\Libraries\TCode.h">
      <Filter>StaticLib</Filter>
    </ClInclude>
    <ClInclude Include="..\Libraries\TCodeContainer.h">
      <Filter>StaticLib</Filter>
    </ClInclude>
    <ClInclude Include="..\Libraries\TElement.h">
      <Filter>StaticLib</Filter>
    </ClInclude>
    <ClInclude Include="..\Libraries\TGaus.h">
      <Filter>StaticLib</Filter>
    </ClInclude>
    <ClInclude Include="..\Libraries\TGearChanger.h">
      <Filter>StaticLib</Filter>
    </ClInclude>
    <ClInclude Include="..\Libraries\TI.h">
      <Filter>StaticLib</Filter>
    </ClInclude>
    <ClInclude Include="..\Libraries\TIOFileManager.h">
      <Filter>StaticLib</Filter>
    </ClInclude>
    <ClInclude Include="..\Libraries\TK.h">
      <Filter>StaticLib</Filter>
    </ClInclude>
    <ClInclude Include="..\Libraries\TLink.h">
      <Filter>StaticLib</Filter>
    </ClInclude>
    <ClInclude Include="..\Libraries\TMainElement.h">
      <Filter>StaticLib</Filter>
    </ClInclude>
    <ClInclude Include="..\Libraries\TReplace.h">
      <Filter>StaticLib</Filter>
    </ClInclude>
    <ClInclude Include="..\Libraries\TSingletons.h">
      <Filter>StaticLib</Filter>
    </ClInclude>
  </ItemGroup>
  <ItemGroup>
    <None Include="..\Libraries\func_lib.inl">
      <Filter>StaticLib</Filter>
    </None>
  </ItemGroup>
</Project>